// !$*UTF8*$!
{
	archiveVersion = 1;
	classes = {
	};
	objectVersion = 46;
	objects = {

/* Begin PBXBuildFile section */
		8768B3571F383FB200593EA7 /* AppDelegate.swift in Sources */ = {isa = PBXBuildFile; fileRef = 8768B3561F383FB200593EA7 /* AppDelegate.swift */; };
		8768B3591F383FB200593EA7 /* ViewController.swift in Sources */ = {isa = PBXBuildFile; fileRef = 8768B3581F383FB200593EA7 /* ViewController.swift */; };
		8768B35C1F383FB200593EA7 /* Main.storyboard in Resources */ = {isa = PBXBuildFile; fileRef = 8768B35A1F383FB200593EA7 /* Main.storyboard */; };
		8768B35E1F383FB200593EA7 /* Assets.xcassets in Resources */ = {isa = PBXBuildFile; fileRef = 8768B35D1F383FB200593EA7 /* Assets.xcassets */; };
		8768B3611F383FB200593EA7 /* LaunchScreen.storyboard in Resources */ = {isa = PBXBuildFile; fileRef = 8768B35F1F383FB200593EA7 /* LaunchScreen.storyboard */; };
		8768B3691F38401600593EA7 /* APIManager.swift in Sources */ = {isa = PBXBuildFile; fileRef = 8768B3681F38401600593EA7 /* APIManager.swift */; };
		8768B36B1F38491600593EA7 /* SwiftyJSON.swift in Sources */ = {isa = PBXBuildFile; fileRef = 8768B36A1F38491600593EA7 /* SwiftyJSON.swift */; };
		87A00CB51F39986600CDD629 /* Album.swift in Sources */ = {isa = PBXBuildFile; fileRef = 87A00CB41F39986600CDD629 /* Album.swift */; };
/* End PBXBuildFile section */

/* Begin PBXFileReference section */
		8768B3531F383FB200593EA7 /* CollectionDemo.app */ = {isa = PBXFileReference; explicitFileType = wrapper.application; includeInIndex = 0; path = CollectionDemo.app; sourceTree = BUILT_PRODUCTS_DIR; };
		8768B3561F383FB200593EA7 /* AppDelegate.swift */ = {isa = PBXFileReference; lastKnownFileType = sourcecode.swift; path = AppDelegate.swift; sourceTree = "<group>"; };
		8768B3581F383FB200593EA7 /* ViewController.swift */ = {isa = PBXFileReference; lastKnownFileType = sourcecode.swift; path = ViewController.swift; sourceTree = "<group>"; };
		8768B35B1F383FB200593EA7 /* Base */ = {isa = PBXFileReference; lastKnownFileType = file.storyboard; name = Base; path = Base.lproj/Main.storyboard; sourceTree = "<group>"; };
		8768B35D1F383FB200593EA7 /* Assets.xcassets */ = {isa = PBXFileReference; lastKnownFileType = folder.assetcatalog; path = Assets.xcassets; sourceTree = "<group>"; };
		8768B3601F383FB200593EA7 /* Base */ = {isa = PBXFileReference; lastKnownFileType = file.storyboard; name = Base; path = Base.lproj/LaunchScreen.storyboard; sourceTree = "<group>"; };
		8768B3621F383FB200593EA7 /* Info.plist */ = {isa = PBXFileReference; lastKnownFileType = text.plist.xml; path = Info.plist; sourceTree = "<group>"; };
		8768B3681F38401600593EA7 /* APIManager.swift */ = {isa = PBXFileReference; fileEncoding = 4; lastKnownFileType = sourcecode.swift; path = APIManager.swift; sourceTree = "<group>"; };
		8768B36A1F38491600593EA7 /* SwiftyJSON.swift */ = {isa = PBXFileReference; fileEncoding = 4; lastKnownFileType = sourcecode.swift; path = SwiftyJSON.swift; sourceTree = "<group>"; };
		87A00CB41F39986600CDD629 /* Album.swift */ = {isa = PBXFileReference; fileEncoding = 4; lastKnownFileType = sourcecode.swift; path = Album.swift; sourceTree = "<group>"; };
/* End PBXFileReference section */

/* Begin PBXFrameworksBuildPhase section */
		8768B3501F383FB200593EA7 /* Frameworks */ = {
			isa = PBXFrameworksBuildPhase;
			buildActionMask = 2147483647;
			files = (
			);
			runOnlyForDeploymentPostprocessing = 0;
		};
/* End PBXFrameworksBuildPhase section */

/* Begin PBXGroup section */
		8768B34A1F383FB200593EA7 = {
			isa = PBXGroup;
			children = (
				8768B3551F383FB200593EA7 /* CollectionDemo */,
				8768B3541F383FB200593EA7 /* Products */,
			);
			sourceTree = "<group>";
		};
		8768B3541F383FB200593EA7 /* Products */ = {
			isa = PBXGroup;
			children = (
				8768B3531F383FB200593EA7 /* CollectionDemo.app */,
			);
			name = Products;
			sourceTree = "<group>";
		};
		8768B3551F383FB200593EA7 /* CollectionDemo */ = {
			isa = PBXGroup;
			children = (
				8768B3561F383FB200593EA7 /* AppDelegate.swift */,
				8768B3581F383FB200593EA7 /* ViewController.swift */,
				8768B3681F38401600593EA7 /* APIManager.swift */,
				87A00CB31F39985200CDD629 /* Models */,
				8768B35A1F383FB200593EA7 /* Main.storyboard */,
				8768B36A1F38491600593EA7 /* SwiftyJSON.swift */,
				8768B35D1F383FB200593EA7 /* Assets.xcassets */,
				8768B35F1F383FB200593EA7 /* LaunchScreen.storyboard */,
				8768B3621F383FB200593EA7 /* Info.plist */,
			);
			path = CollectionDemo;
			sourceTree = "<group>";
		};
		87A00CB31F39985200CDD629 /* Models */ = {
			isa = PBXGroup;
			children = (
				87A00CB41F39986600CDD629 /* Album.swift */,
			);
			path = Models;
			sourceTree = "<group>";
		};
/* End PBXGroup section */

/* Begin PBXNativeTarget section */
		8768B3521F383FB200593EA7 /* CollectionDemo */ = {
			isa = PBXNativeTarget;
			buildConfigurationList = 8768B3651F383FB200593EA7 /* Build configuration list for PBXNativeTarget "CollectionDemo" */;
			buildPhases = (
				8768B34F1F383FB200593EA7 /* Sources */,
				8768B3501F383FB200593EA7 /* Frameworks */,
				8768B3511F383FB200593EA7 /* Resources */,
			);
			buildRules = (
			);
			dependencies = (
			);
			name = CollectionDemo;
			productName = CollectionDemo;
			productReference = 8768B3531F383FB200593EA7 /* CollectionDemo.app */;
			productType = "com.apple.product-type.application";
		};
/* End PBXNativeTarget section */

/* Begin PBXProject section */
		8768B34B1F383FB200593EA7 /* Project object */ = {
			isa = PBXProject;
			attributes = {
				LastSwiftUpdateCheck = 0820;
				LastUpgradeCheck = 0820;
				ORGANIZATIONNAME = "Ganesh Potnuru";
				TargetAttributes = {
					8768B3521F383FB200593EA7 = {
						CreatedOnToolsVersion = 8.2.1;
						ProvisioningStyle = Automatic;
					};
				};
			};
			buildConfigurationList = 8768B34E1F383FB200593EA7 /* Build configuration list for PBXProject "CollectionDemo" */;
			compatibilityVersion = "Xcode 3.2";
			developmentRegion = English;
			hasScannedForEncodings = 0;
			knownRegions = (
				en,
				Base,
			);
			mainGroup = 8768B34A1F383FB200593EA7;
			productRefGroup = 8768B3541F383FB200593EA7 /* Products */;
			projectDirPath = "";
			projectRoot = "";
			targets = (
				8768B3521F383FB200593EA7 /* CollectionDemo */,
			);
		};
/* End PBXProject section */

/* Begin PBXResourcesBuildPhase section */
		8768B3511F383FB200593EA7 /* Resources */ = {
			isa = PBXResourcesBuildPhase;
			buildActionMask = 2147483647;
			files = (
				8768B3611F383FB200593EA7 /* LaunchScreen.storyboard in Resources */,
				8768B35E1F383FB200593EA7 /* Assets.xcassets in Resources */,
				8768B35C1F383FB200593EA7 /* Main.storyboard in Resources */,
			);
			runOnlyForDeploymentPostprocessing = 0;
		};
/* End PBXResourcesBuildPhase section */

/* Begin PBXSourcesBuildPhase section */
		8768B34F1F383FB200593EA7 /* Sources */ = {
			isa = PBXSourcesBuildPhase;
			buildActionMask = 2147483647;
			files = (
				8768B3691F38401600593EA7 /* APIManager.swift in Sources */,
				8768B3591F383FB200593EA7 /* ViewController.swift in Sources */,
				8768B3571F383FB200593EA7 /* AppDelegate.swift in Sources */,
				8768B36B1F38491600593EA7 /* SwiftyJSON.swift in Sources */,
				87A00CB51F39986600CDD629 /* Album.swift in Sources */,
			);
			runOnlyForDeploymentPostprocessing = 0;
		};
/* End PBXSourcesBuildPhase section */

/* Begin PBXVariantGroup section */
		8768B35A1F383FB200593EA7 /* Main.storyboard */ = {
			isa = PBXVariantGroup;
			children = (
				8768B35B1F383FB200593EA7 /* Base */,
			);
			name = Main.storyboard;
			sourceTree = "<group>";
		};
		8768B35F1F383FB200593EA7 /* LaunchScreen.storyboard */ = {
			isa = PBXVariantGroup;
			children = (
				8768B3601F383FB200593EA7 /* Base */,
			);
			name = LaunchScreen.storyboard;
			sourceTree = "<group>";
		};
/* End PBXVariantGroup section */

/* Begin XCBuildConfiguration section */
		8768B3631F383FB200593EA7 /* Debug */ = {
			isa = XCBuildConfiguration;
			buildSettings = {
				ALWAYS_SEARCH_USER_PATHS = NO;
				CLANG_ANALYZER_NONNULL = YES;
				CLANG_CXX_LANGUAGE_STANDARD = "gnu++0x";
				CLANG_CXX_LIBRARY = "libc++";
				CLANG_ENABLE_MODULES = YES;
				CLANG_ENABLE_OBJC_ARC = YES;
				CLANG_WARN_BOOL_CONVERSION = YES;
				CLANG_WARN_CONSTANT_CONVERSION = YES;
				CLANG_WARN_DIRECT_OBJC_ISA_USAGE = YES_ERROR;
				CLANG_WARN_DOCUMENTATION_COMMENTS = YES;
				CLANG_WARN_EMPTY_BODY = YES;
				CLANG_WARN_ENUM_CONVERSION = YES;
				CLANG_WARN_INFINITE_RECURSION = YES;
				CLANG_WARN_INT_CONVERSION = YES;
				CLANG_WARN_OBJC_ROOT_CLASS = YES_ERROR;
				CLANG_WARN_SUSPICIOUS_MOVE = YES;
				CLANG_WARN_UNREACHABLE_CODE = YES;
				CLANG_WARN__DUPLICATE_METHOD_MATCH = YES;
				"CODE_SIGN_IDENTITY[sdk=iphoneos*]" = "iPhone Developer";
				COPY_PHASE_STRIP = NO;
				DEBUG_INFORMATION_FORMAT = dwarf;
				ENABLE_STRICT_OBJC_MSGSEND = YES;
				ENABLE_TESTABILITY = YES;
				GCC_C_LANGUAGE_STANDARD = gnu99;
				GCC_DYNAMIC_NO_PIC = NO;
				GCC_NO_COMMON_BLOCKS = YES;
				GCC_OPTIMIZATION_LEVEL = 0;
				GCC_PREPROCESSOR_DEFINITIONS = (
					"DEBUG=1",
					"$(inherited)",
				);
				GCC_WARN_64_TO_32_BIT_CONVERSION = YES;
				GCC_WARN_ABOUT_RETURN_TYPE = YES_ERROR;
				GCC_WARN_UNDECLARED_SELECTOR = YES;
				GCC_WARN_UNINITIALIZED_AUTOS = YES_AGGRESSIVE;
				GCC_WARN_UNUSED_FUNCTION = YES;
				GCC_WARN_UNUSED_VARIABLE = YES;
				IPHONEOS_DEPLOYMENT_TARGET = 10.2;
				MTL_ENABLE_DEBUG_INFO = YES;
				ONLY_ACTIVE_ARCH = YES;
				SDKROOT = iphoneos;
				SWIFT_ACTIVE_COMPILATION_CONDITIONS = DEBUG;
				SWIFT_OPTIMIZATION_LEVEL = "-Onone";
				TARGETED_DEVICE_FAMILY = "1,2";
			};
			name = Debug;
		};
		8768B3641F383FB200593EA7 /* Release */ = {
			isa = XCBuildConfiguration;
			buildSettings = {
				ALWAYS_SEARCH_USER_PATHS = NO;
				CLANG_ANALYZER_NONNULL = YES;
				CLANG_CXX_LANGUAGE_STANDARD = "gnu++0x";
				CLANG_CXX_LIBRARY = "libc++";
				CLANG_ENABLE_MODULES = YES;
				CLANG_ENABLE_OBJC_ARC = YES;
				CLANG_WARN_BOOL_CONVERSION = YES;
				CLANG_WARN_CONSTANT_CONVERSION = YES;
				CLANG_WARN_DIRECT_OBJC_ISA_USAGE = YES_ERROR;
				CLANG_WARN_DOCUMENTATION_COMMENTS = YES;
				CLANG_WARN_EMPTY_BODY = YES;
				CLANG_WARN_ENUM_CONVERSION = YES;
				CLANG_WARN_INFINITE_RECURSION = YES;
				CLANG_WARN_INT_CONVERSION = YES;
				CLANG_WARN_OBJC_ROOT_CLASS = YES_ERROR;
				CLANG_WARN_SUSPICIOUS_MOVE = YES;
				CLANG_WARN_UNREACHABLE_CODE = YES;
				CLANG_WARN__DUPLICATE_METHOD_MATCH = YES;
				"CODE_SIGN_IDENTITY[sdk=iphoneos*]" = "iPhone Developer";
				COPY_PHASE_STRIP = NO;
				DEBUG_INFORMATION_FORMAT = "dwarf-with-dsym";
				ENABLE_NS_ASSERTIONS = NO;
				ENABLE_STRICT_OBJC_MSGSEND = YES;
				GCC_C_LANGUAGE_STANDARD = gnu99;
				GCC_NO_COMMON_BLOCKS = YES;
				GCC_WARN_64_TO_32_BIT_CONVERSION = YES;
				GCC_WARN_ABOUT_RETURN_TYPE = YES_ERROR;
				GCC_WARN_UNDECLARED_SELECTOR = YES;
				GCC_WARN_UNINITIALIZED_AUTOS = YES_AGGRESSIVE;
				GCC_WARN_UNUSED_FUNCTION = YES;
				GCC_WARN_UNUSED_VARIABLE = YES;
				IPHONEOS_DEPLOYMENT_TARGET = 10.2;
				MTL_ENABLE_DEBUG_INFO = NO;
				SDKROOT = iphoneos;
				SWIFT_OPTIMIZATION_LEVEL = "-Owholemodule";
				TARGETED_DEVICE_FAMILY = "1,2";
				VALIDATE_PRODUCT = YES;
			};
			name = Release;
		};
		8768B3661F383FB200593EA7 /* Debug */ = {
			isa = XCBuildConfiguration;
			buildSettings = {
				ASSETCATALOG_COMPILER_APPICON_NAME = AppIcon;
				INFOPLIST_FILE = CollectionDemo/Info.plist;
				LD_RUNPATH_SEARCH_PATHS = "$(inherited) @executable_path/Frameworks";
				PRODUCT_BUNDLE_IDENTIFIER = com.seneca.CollectionDemo;
				PRODUCT_NAME = "$(TARGET_NAME)";
				SWIFT_VERSION = 3.0;
			};
			name = Debug;
		};
		8768B3671F383FB200593EA7 /* Release */ = {
			isa = XCBuildConfiguration;
			buildSettings = {
				ASSETCATALOG_COMPILER_APPICON_NAME = AppIcon;
				INFOPLIST_FILE = CollectionDemo/Info.plist;
				LD_RUNPATH_SEARCH_PATHS = "$(inherited) @executable_path/Frameworks";
				PRODUCT_BUNDLE_IDENTIFIER = com.seneca.CollectionDemo;
				PRODUCT_NAME = "$(TARGET_NAME)";
				SWIFT_VERSION = 3.0;
			};
			name = Release;
		};
/* End XCBuildConfiguration section */

/* Begin XCConfigurationList section */
		8768B34E1F383FB200593EA7 /* Build configuration list for PBXProject "CollectionDemo" */ = {
			isa = XCConfigurationList;
			buildConfigurations = (
				8768B3631F383FB200593EA7 /* Debug */,
				8768B3641F383FB200593EA7 /* Release */,
			);
			defaultConfigurationIsVisible = 0;
			defaultConfigurationName = Release;
		};
		8768B3651F383FB200593EA7 /* Build configuration list for PBXNativeTarget "CollectionDemo" */ = {
			isa = XCConfigurationList;
			buildConfigurations = (
				8768B3661F383FB200593EA7 /* Debug */,
				8768B3671F383FB200593EA7 /* Release */,
			);
			defaultConfigurationIsVisible = 0;
			defaultConfigurationName = Release;
		};
/* End XCConfigurationList section */
	};
	rootObject = 8768B34B1F383FB200593EA7 /* Project object */;
}
